// !$*UTF8*$!
{
	archiveVersion = 1;
	classes = {
	};
	objectVersion = 46;
	objects = {

/* Begin PBXBuildFile section */
		4AD155EB621640108A22DE9D /* libPods-PropertySalesTests.a in Frameworks */ = {isa = PBXBuildFile; fileRef = 57F2FAFC7B654D93A3F075C1 /* libPods-PropertySalesTests.a */; };
		7EA81D9150D64BB9A3A04909 /* libPods.a in Frameworks */ = {isa = PBXBuildFile; fileRef = AE1B0038DC8245B09D11F7E4 /* libPods.a */; };
		8A0349F018A1B28500963A2F /* AddressBook.framework in Frameworks */ = {isa = PBXBuildFile; fileRef = 8A0349EF18A1B28500963A2F /* AddressBook.framework */; };
		8A0349F218A1B2B200963A2F /* MapKit.framework in Frameworks */ = {isa = PBXBuildFile; fileRef = 8A0349F118A1B2B200963A2F /* MapKit.framework */; };
		8A0F87BE18B8710E0082D2D3 /* PSCoreLocationManager.m in Sources */ = {isa = PBXBuildFile; fileRef = 8A0F87BD18B8710E0082D2D3 /* PSCoreLocationManager.m */; };
		8A1215BB18BFF03C00468925 /* PSAboutViewController.m in Sources */ = {isa = PBXBuildFile; fileRef = 8A1215BA18BFF03C00468925 /* PSAboutViewController.m */; };
		8A1215BE18BFF05A00468925 /* PSAboutTableDataSource.m in Sources */ = {isa = PBXBuildFile; fileRef = 8A1215BD18BFF05A00468925 /* PSAboutTableDataSource.m */; };
		8A2965AD18ADD02100AA330C /* PSPropertyMetaDataRequest.m in Sources */ = {isa = PBXBuildFile; fileRef = 8A2965AC18ADD02100AA330C /* PSPropertyMetaDataRequest.m */; };
		8A2965AE18ADD02100AA330C /* PSPropertyMetaDataRequest.m in Sources */ = {isa = PBXBuildFile; fileRef = 8A2965AC18ADD02100AA330C /* PSPropertyMetaDataRequest.m */; };
		8A2965B118ADD1B000AA330C /* PSHttpClient.m in Sources */ = {isa = PBXBuildFile; fileRef = 8A2965B018ADD1B000AA330C /* PSHttpClient.m */; };
		8A2965B218ADD1B000AA330C /* PSHttpClient.m in Sources */ = {isa = PBXBuildFile; fileRef = 8A2965B018ADD1B000AA330C /* PSHttpClient.m */; };
		8A2965B618ADD29E00AA330C /* PSFileManager.m in Sources */ = {isa = PBXBuildFile; fileRef = 8A2965B518ADD29E00AA330C /* PSFileManager.m */; };
		8A2965B718ADD29E00AA330C /* PSFileManager.m in Sources */ = {isa = PBXBuildFile; fileRef = 8A2965B518ADD29E00AA330C /* PSFileManager.m */; };
		8A2965BA18ADD3FD00AA330C /* PSDataManager.m in Sources */ = {isa = PBXBuildFile; fileRef = 8A2965B918ADD3FD00AA330C /* PSDataManager.m */; };
		8A2965BB18ADD3FD00AA330C /* PSDataManager.m in Sources */ = {isa = PBXBuildFile; fileRef = 8A2965B918ADD3FD00AA330C /* PSDataManager.m */; };
		8A2965BE18ADD49700AA330C /* PSDataCommunicator.m in Sources */ = {isa = PBXBuildFile; fileRef = 8A2965BD18ADD49700AA330C /* PSDataCommunicator.m */; };
		8A2965BF18ADD49700AA330C /* PSDataCommunicator.m in Sources */ = {isa = PBXBuildFile; fileRef = 8A2965BD18ADD49700AA330C /* PSDataCommunicator.m */; };
		8A2965C318ADDB6200AA330C /* PSPropertyMetadataDataParser.m in Sources */ = {isa = PBXBuildFile; fileRef = 8A2965C218ADDB6200AA330C /* PSPropertyMetadataDataParser.m */; };
		8A2965C418ADDB6200AA330C /* PSPropertyMetadataDataParser.m in Sources */ = {isa = PBXBuildFile; fileRef = 8A2965C218ADDB6200AA330C /* PSPropertyMetadataDataParser.m */; };
		8A2A3D5C18B84B6100078596 /* PSGoogleMapsManager.m in Sources */ = {isa = PBXBuildFile; fileRef = 8A2A3D5B18B84B6100078596 /* PSGoogleMapsManager.m */; };
		8A37453918A7DC080012E8A2 /* PSDataImporter.m in Sources */ = {isa = PBXBuildFile; fileRef = 8A37453818A7DC080012E8A2 /* PSDataImporter.m */; };
		8A37453A18A7DC080012E8A2 /* PSDataImporter.m in Sources */ = {isa = PBXBuildFile; fileRef = 8A37453818A7DC080012E8A2 /* PSDataImporter.m */; };
		8A37453C18A7EEC20012E8A2 /* PropertySales.storyboard in Resources */ = {isa = PBXBuildFile; fileRef = 8A37453B18A7EEC20012E8A2 /* PropertySales.storyboard */; };
		8A37453D18A7EEC20012E8A2 /* PropertySales.storyboard in Resources */ = {isa = PBXBuildFile; fileRef = 8A37453B18A7EEC20012E8A2 /* PropertySales.storyboard */; };
		8A37454118A7F67B0012E8A2 /* PSPropertiesContainerViewController.m in Sources */ = {isa = PBXBuildFile; fileRef = 8A37454018A7F67B0012E8A2 /* PSPropertiesContainerViewController.m */; };
		8A37454218A7F67B0012E8A2 /* PSPropertiesContainerViewController.m in Sources */ = {isa = PBXBuildFile; fileRef = 8A37454018A7F67B0012E8A2 /* PSPropertiesContainerViewController.m */; };
		8A37454518A7F68E0012E8A2 /* PSPropertiesListViewController.m in Sources */ = {isa = PBXBuildFile; fileRef = 8A37454418A7F68E0012E8A2 /* PSPropertiesListViewController.m */; };
		8A37454618A7F68E0012E8A2 /* PSPropertiesListViewController.m in Sources */ = {isa = PBXBuildFile; fileRef = 8A37454418A7F68E0012E8A2 /* PSPropertiesListViewController.m */; };
		8A37454918A7F69C0012E8A2 /* PSPropertiesMapViewController.m in Sources */ = {isa = PBXBuildFile; fileRef = 8A37454818A7F69C0012E8A2 /* PSPropertiesMapViewController.m */; };
		8A37454A18A7F69C0012E8A2 /* PSPropertiesMapViewController.m in Sources */ = {isa = PBXBuildFile; fileRef = 8A37454818A7F69C0012E8A2 /* PSPropertiesMapViewController.m */; };
		8A37454D18A7F6AD0012E8A2 /* PSPropertiesFilterViewController.m in Sources */ = {isa = PBXBuildFile; fileRef = 8A37454C18A7F6AD0012E8A2 /* PSPropertiesFilterViewController.m */; };
		8A37454E18A7F6AD0012E8A2 /* PSPropertiesFilterViewController.m in Sources */ = {isa = PBXBuildFile; fileRef = 8A37454C18A7F6AD0012E8A2 /* PSPropertiesFilterViewController.m */; };
		8A37455118A7F6D40012E8A2 /* PSBaseViewController.m in Sources */ = {isa = PBXBuildFile; fileRef = 8A37455018A7F6D40012E8A2 /* PSBaseViewController.m */; };
		8A37455218A7F6D40012E8A2 /* PSBaseViewController.m in Sources */ = {isa = PBXBuildFile; fileRef = 8A37455018A7F6D40012E8A2 /* PSBaseViewController.m */; };
		8A37455518A858620012E8A2 /* PSPropertyListTableDataSource.m in Sources */ = {isa = PBXBuildFile; fileRef = 8A37455418A858620012E8A2 /* PSPropertyListTableDataSource.m */; };
		8A37455618A858620012E8A2 /* PSPropertyListTableDataSource.m in Sources */ = {isa = PBXBuildFile; fileRef = 8A37455418A858620012E8A2 /* PSPropertyListTableDataSource.m */; };
		8A38027B18C2C32C0055041F /* Application-Keys.plist in Resources */ = {isa = PBXBuildFile; fileRef = 8A38027A18C2C32C0055041F /* Application-Keys.plist */; };
		8A38027E18C2EC3F0055041F /* PSAboutRefreshPolicyCell.m in Sources */ = {isa = PBXBuildFile; fileRef = 8A38027D18C2EC3F0055041F /* PSAboutRefreshPolicyCell.m */; };
		8A4B2EF3189E0651005AEADF /* PSTestViewController.m in Sources */ = {isa = PBXBuildFile; fileRef = 8A4B2EF2189E0651005AEADF /* PSTestViewController.m */; };
		8A4B2EF5189E0B3B005AEADF /* PSTestStoryboard.storyboard in Resources */ = {isa = PBXBuildFile; fileRef = 8A4B2EF4189E0B3B005AEADF /* PSTestStoryboard.storyboard */; };
		8A645C1D18A1B1B800DCD756 /* PSLocationManager.m in Sources */ = {isa = PBXBuildFile; fileRef = 8A645C1C18A1B1B800DCD756 /* PSLocationManager.m */; };
		8A645C1E18A1B1B800DCD756 /* PSLocationManager.m in Sources */ = {isa = PBXBuildFile; fileRef = 8A645C1C18A1B1B800DCD756 /* PSLocationManager.m */; };
		8A6A9B1118AFD671004FCC37 /* PSPropertySaleDataParser.m in Sources */ = {isa = PBXBuildFile; fileRef = 8A6A9B1018AFD671004FCC37 /* PSPropertySaleDataParser.m */; };
		8A6A9B1418B00024004FCC37 /* PSLocationParser.m in Sources */ = {isa = PBXBuildFile; fileRef = 8A6A9B1318B00024004FCC37 /* PSLocationParser.m */; };
		8A6A9B1718B01443004FCC37 /* NSObject+ExecutionTimeLogger.m in Sources */ = {isa = PBXBuildFile; fileRef = 8A6A9B1618B01443004FCC37 /* NSObject+ExecutionTimeLogger.m */; };
		8A718B3418BA5D9000B71CE9 /* UIColor+Theme.m in Sources */ = {isa = PBXBuildFile; fileRef = 8A718B3318BA5D9000B71CE9 /* UIColor+Theme.m */; };
		8A795F0518A890D700A9508B /* Property+MKAnnotations.m in Sources */ = {isa = PBXBuildFile; fileRef = 8A795F0418A890D700A9508B /* Property+MKAnnotations.m */; };
		8A795F0618A890D700A9508B /* Property+MKAnnotations.m in Sources */ = {isa = PBXBuildFile; fileRef = 8A795F0418A890D700A9508B /* Property+MKAnnotations.m */; };
		8A795F0918A8999F00A9508B /* PSPropertyDetailsViewController.m in Sources */ = {isa = PBXBuildFile; fileRef = 8A795F0818A8999F00A9508B /* PSPropertyDetailsViewController.m */; };
		8A795F0A18A8999F00A9508B /* PSPropertyDetailsViewController.m in Sources */ = {isa = PBXBuildFile; fileRef = 8A795F0818A8999F00A9508B /* PSPropertyDetailsViewController.m */; };
		8A795F0D18A899D900A9508B /* PSPropertyDetailsTableDataSource.m in Sources */ = {isa = PBXBuildFile; fileRef = 8A795F0C18A899D900A9508B /* PSPropertyDetailsTableDataSource.m */; };
		8A795F0E18A899D900A9508B /* PSPropertyDetailsTableDataSource.m in Sources */ = {isa = PBXBuildFile; fileRef = 8A795F0C18A899D900A9508B /* PSPropertyDetailsTableDataSource.m */; };
		8A86CF5C18A47116009048A4 /* PSProperty.m in Sources */ = {isa = PBXBuildFile; fileRef = 8A86CF5B18A47116009048A4 /* PSProperty.m */; };
		8A86CF5D18A47116009048A4 /* PSProperty.m in Sources */ = {isa = PBXBuildFile; fileRef = 8A86CF5B18A47116009048A4 /* PSProperty.m */; };
		8A86CF6118A47628009048A4 /* PSProperty+LocationParser.m in Sources */ = {isa = PBXBuildFile; fileRef = 8A86CF6018A47628009048A4 /* PSProperty+LocationParser.m */; };
		8A86CF6218A47628009048A4 /* PSProperty+LocationParser.m in Sources */ = {isa = PBXBuildFile; fileRef = 8A86CF6018A47628009048A4 /* PSProperty+LocationParser.m */; };
		8AA6686618AEF2DB00C6C83A /* PSPropertySaleDataRequest.m in Sources */ = {isa = PBXBuildFile; fileRef = 8AA6686518AEF2DB00C6C83A /* PSPropertySaleDataRequest.m */; };
		8AA758C418A7304F006DFB84 /* PropertySales.xcdatamodeld in Sources */ = {isa = PBXBuildFile; fileRef = 8AA758C218A7304F006DFB84 /* PropertySales.xcdatamodeld */; };
		8AA758CF18A73456006DFB84 /* AddressLookup.m in Sources */ = {isa = PBXBuildFile; fileRef = 8AA758CE18A73456006DFB84 /* AddressLookup.m */; };
		8AA758D018A73456006DFB84 /* AddressLookup.m in Sources */ = {isa = PBXBuildFile; fileRef = 8AA758CE18A73456006DFB84 /* AddressLookup.m */; };
		8AA758D318A73456006DFB84 /* Property.m in Sources */ = {isa = PBXBuildFile; fileRef = 8AA758D218A73456006DFB84 /* Property.m */; };
		8AA758D418A73456006DFB84 /* Property.m in Sources */ = {isa = PBXBuildFile; fileRef = 8AA758D218A73456006DFB84 /* Property.m */; };
		8AA758DE18A73C35006DFB84 /* AddressLookup+Methods.m in Sources */ = {isa = PBXBuildFile; fileRef = 8AA758DD18A73C35006DFB84 /* AddressLookup+Methods.m */; };
		8AA758DF18A73C35006DFB84 /* AddressLookup+Methods.m in Sources */ = {isa = PBXBuildFile; fileRef = 8AA758DD18A73C35006DFB84 /* AddressLookup+Methods.m */; };
		8AA758E218A743D1006DFB84 /* Property+Methods.m in Sources */ = {isa = PBXBuildFile; fileRef = 8AA758E118A743D1006DFB84 /* Property+Methods.m */; };
		8AA758E318A743D1006DFB84 /* Property+Methods.m in Sources */ = {isa = PBXBuildFile; fileRef = 8AA758E118A743D1006DFB84 /* Property+Methods.m */; };
		8AB7F81218C0316800D77ADE /* PSApplicationContext.m in Sources */ = {isa = PBXBuildFile; fileRef = 8AB7F81118C0316800D77ADE /* PSApplicationContext.m */; };
		8ABAAEDB18A9CE380011A12C /* PSCoreLocationManagerDelegate.m in Sources */ = {isa = PBXBuildFile; fileRef = 8ABAAEDA18A9CE380011A12C /* PSCoreLocationManagerDelegate.m */; };
		8ABAAEDC18A9CE380011A12C /* PSCoreLocationManagerDelegate.m in Sources */ = {isa = PBXBuildFile; fileRef = 8ABAAEDA18A9CE380011A12C /* PSCoreLocationManagerDelegate.m */; };
		8AD25BB218C1103C00A4475F /* NSDate+Utilities.m in Sources */ = {isa = PBXBuildFile; fileRef = 8AD25BB118C1103C00A4475F /* NSDate+Utilities.m */; };
		8ADD4AF0189DA3AC00F1C54B /* Foundation.framework in Frameworks */ = {isa = PBXBuildFile; fileRef = 8ADD4AEF189DA3AC00F1C54B /* Foundation.framework */; };
		8ADD4AF2189DA3AC00F1C54B /* CoreGraphics.framework in Frameworks */ = {isa = PBXBuildFile; fileRef = 8ADD4AF1189DA3AC00F1C54B /* CoreGraphics.framework */; };
		8ADD4AF4189DA3AC00F1C54B /* UIKit.framework in Frameworks */ = {isa = PBXBuildFile; fileRef = 8ADD4AF3189DA3AC00F1C54B /* UIKit.framework */; };
		8ADD4AFA189DA3AC00F1C54B /* InfoPlist.strings in Resources */ = {isa = PBXBuildFile; fileRef = 8ADD4AF8189DA3AC00F1C54B /* InfoPlist.strings */; };
		8ADD4AFC189DA3AC00F1C54B /* main.m in Sources */ = {isa = PBXBuildFile; fileRef = 8ADD4AFB189DA3AC00F1C54B /* main.m */; };
		8ADD4B00189DA3AC00F1C54B /* PSAppDelegate.m in Sources */ = {isa = PBXBuildFile; fileRef = 8ADD4AFF189DA3AC00F1C54B /* PSAppDelegate.m */; };
		8ADD4B02189DA3AC00F1C54B /* Images.xcassets in Resources */ = {isa = PBXBuildFile; fileRef = 8ADD4B01189DA3AC00F1C54B /* Images.xcassets */; };
		8ADD4B09189DA3AC00F1C54B /* XCTest.framework in Frameworks */ = {isa = PBXBuildFile; fileRef = 8ADD4B08189DA3AC00F1C54B /* XCTest.framework */; };
		8ADD4B0A189DA3AC00F1C54B /* Foundation.framework in Frameworks */ = {isa = PBXBuildFile; fileRef = 8ADD4AEF189DA3AC00F1C54B /* Foundation.framework */; };
		8ADD4B0B189DA3AC00F1C54B /* UIKit.framework in Frameworks */ = {isa = PBXBuildFile; fileRef = 8ADD4AF3189DA3AC00F1C54B /* UIKit.framework */; };
		8ADD4B13189DA3AC00F1C54B /* InfoPlist.strings in Resources */ = {isa = PBXBuildFile; fileRef = 8ADD4B11189DA3AC00F1C54B /* InfoPlist.strings */; };
		8ADD4B15189DA3AC00F1C54B /* PropertySalesTests.m in Sources */ = {isa = PBXBuildFile; fileRef = 8ADD4B14189DA3AC00F1C54B /* PropertySalesTests.m */; };
		8AE27D1718B464820074A3FF /* PSPropertyAnnotation.m in Sources */ = {isa = PBXBuildFile; fileRef = 8AE27D1618B464820074A3FF /* PSPropertyAnnotation.m */; };
		8AE7587818B2757F00879C2E /* PSPropertyListTableViewCell.m in Sources */ = {isa = PBXBuildFile; fileRef = 8AE7587718B2757F00879C2E /* PSPropertyListTableViewCell.m */; };
		8AE7588018B2931C00879C2E /* PSPropertyFilterTableDataSource.m in Sources */ = {isa = PBXBuildFile; fileRef = 8AE7587F18B2931B00879C2E /* PSPropertyFilterTableDataSource.m */; };
		8AF2934C18AC66A200DA0D2D /* PSSearchResultsViewModel.m in Sources */ = {isa = PBXBuildFile; fileRef = 8AF2934B18AC66A200DA0D2D /* PSSearchResultsViewModel.m */; };
		8AF2A1E018CAA2E100D440A3 /* AddressToGeocodeMapping.plist in Resources */ = {isa = PBXBuildFile; fileRef = 8AF2A1DE18CAA2E100D440A3 /* AddressToGeocodeMapping.plist */; };
		8AF2A1E118CAA2E100D440A3 /* PropertiesArray.plist in Resources */ = {isa = PBXBuildFile; fileRef = 8AF2A1DF18CAA2E100D440A3 /* PropertiesArray.plist */; };
/* End PBXBuildFile section */

/* Begin PBXContainerItemProxy section */
		8ADD4B0C189DA3AC00F1C54B /* PBXContainerItemProxy */ = {
			isa = PBXContainerItemProxy;
			containerPortal = 8ADD4AE4189DA3AC00F1C54B /* Project object */;
			proxyType = 1;
			remoteGlobalIDString = 8ADD4AEB189DA3AC00F1C54B;
			remoteInfo = PropertySales;
		};
/* End PBXContainerItemProxy section */

/* Begin PBXFileReference section */
		37918D9DAC1A4C458C6C9B40 /* Pods-PropertySalesTests.xcconfig */ = {isa = PBXFileReference; includeInIndex = 1; lastKnownFileType = text.xcconfig; name = "Pods-PropertySalesTests.xcconfig"; path = "Pods/Pods-PropertySalesTests.xcconfig"; sourceTree = "<group>"; };
		57F2FAFC7B654D93A3F075C1 /* libPods-PropertySalesTests.a */ = {isa = PBXFileReference; explicitFileType = archive.ar; includeInIndex = 0; path = "libPods-PropertySalesTests.a"; sourceTree = BUILT_PRODUCTS_DIR; };
		8A0349EF18A1B28500963A2F /* AddressBook.framework */ = {isa = PBXFileReference; lastKnownFileType = wrapper.framework; name = AddressBook.framework; path = System/Library/Frameworks/AddressBook.framework; sourceTree = SDKROOT; };
		8A0349F118A1B2B200963A2F /* MapKit.framework */ = {isa = PBXFileReference; lastKnownFileType = wrapper.framework; name = MapKit.framework; path = System/Library/Frameworks/MapKit.framework; sourceTree = SDKROOT; };
		8A0F87BC18B8710E0082D2D3 /* PSCoreLocationManager.h */ = {isa = PBXFileReference; fileEncoding = 4; lastKnownFileType = sourcecode.c.h; path = PSCoreLocationManager.h; sourceTree = "<group>"; };
		8A0F87BD18B8710E0082D2D3 /* PSCoreLocationManager.m */ = {isa = PBXFileReference; fileEncoding = 4; lastKnownFileType = sourcecode.c.objc; path = PSCoreLocationManager.m; sourceTree = "<group>"; };
		8A1215B918BFF03C00468925 /* PSAboutViewController.h */ = {isa = PBXFileReference; fileEncoding = 4; lastKnownFileType = sourcecode.c.h; path = PSAboutViewController.h; sourceTree = "<group>"; };
		8A1215BA18BFF03C00468925 /* PSAboutViewController.m */ = {isa = PBXFileReference; fileEncoding = 4; lastKnownFileType = sourcecode.c.objc; path = PSAboutViewController.m; sourceTree = "<group>"; };
		8A1215BC18BFF05A00468925 /* PSAboutTableDataSource.h */ = {isa = PBXFileReference; fileEncoding = 4; lastKnownFileType = sourcecode.c.h; path = PSAboutTableDataSource.h; sourceTree = "<group>"; };
		8A1215BD18BFF05A00468925 /* PSAboutTableDataSource.m */ = {isa = PBXFileReference; fileEncoding = 4; lastKnownFileType = sourcecode.c.objc; path = PSAboutTableDataSource.m; sourceTree = "<group>"; };
		8A2965AB18ADD02100AA330C /* PSPropertyMetaDataRequest.h */ = {isa = PBXFileReference; fileEncoding = 4; lastKnownFileType = sourcecode.c.h; path = PSPropertyMetaDataRequest.h; sourceTree = "<group>"; };
		8A2965AC18ADD02100AA330C /* PSPropertyMetaDataRequest.m */ = {isa = PBXFileReference; fileEncoding = 4; lastKnownFileType = sourcecode.c.objc; path = PSPropertyMetaDataRequest.m; sourceTree = "<group>"; };
		8A2965AF18ADD1B000AA330C /* PSHttpClient.h */ = {isa = PBXFileReference; fileEncoding = 4; lastKnownFileType = sourcecode.c.h; path = PSHttpClient.h; sourceTree = "<group>"; };
		8A2965B018ADD1B000AA330C /* PSHttpClient.m */ = {isa = PBXFileReference; fileEncoding = 4; lastKnownFileType = sourcecode.c.objc; path = PSHttpClient.m; sourceTree = "<group>"; };
		8A2965B418ADD29E00AA330C /* PSFileManager.h */ = {isa = PBXFileReference; fileEncoding = 4; lastKnownFileType = sourcecode.c.h; path = PSFileManager.h; sourceTree = "<group>"; };
		8A2965B518ADD29E00AA330C /* PSFileManager.m */ = {isa = PBXFileReference; fileEncoding = 4; lastKnownFileType = sourcecode.c.objc; path = PSFileManager.m; sourceTree = "<group>"; };
		8A2965B818ADD3FD00AA330C /* PSDataManager.h */ = {isa = PBXFileReference; fileEncoding = 4; lastKnownFileType = sourcecode.c.h; path = PSDataManager.h; sourceTree = "<group>"; };
		8A2965B918ADD3FD00AA330C /* PSDataManager.m */ = {isa = PBXFileReference; fileEncoding = 4; lastKnownFileType = sourcecode.c.objc; path = PSDataManager.m; sourceTree = "<group>"; };
		8A2965BC18ADD49700AA330C /* PSDataCommunicator.h */ = {isa = PBXFileReference; fileEncoding = 4; lastKnownFileType = sourcecode.c.h; path = PSDataCommunicator.h; sourceTree = "<group>"; };
		8A2965BD18ADD49700AA330C /* PSDataCommunicator.m */ = {isa = PBXFileReference; fileEncoding = 4; lastKnownFileType = sourcecode.c.objc; path = PSDataCommunicator.m; sourceTree = "<group>"; };
		8A2965C118ADDB6200AA330C /* PSPropertyMetadataDataParser.h */ = {isa = PBXFileReference; fileEncoding = 4; lastKnownFileType = sourcecode.c.h; path = PSPropertyMetadataDataParser.h; sourceTree = "<group>"; };
		8A2965C218ADDB6200AA330C /* PSPropertyMetadataDataParser.m */ = {isa = PBXFileReference; fileEncoding = 4; lastKnownFileType = sourcecode.c.objc; path = PSPropertyMetadataDataParser.m; sourceTree = "<group>"; };
		8A2A3D5A18B84B6100078596 /* PSGoogleMapsManager.h */ = {isa = PBXFileReference; fileEncoding = 4; lastKnownFileType = sourcecode.c.h; path = PSGoogleMapsManager.h; sourceTree = "<group>"; };
		8A2A3D5B18B84B6100078596 /* PSGoogleMapsManager.m */ = {isa = PBXFileReference; fileEncoding = 4; lastKnownFileType = sourcecode.c.objc; path = PSGoogleMapsManager.m; sourceTree = "<group>"; };
		8A37453718A7DC080012E8A2 /* PSDataImporter.h */ = {isa = PBXFileReference; fileEncoding = 4; lastKnownFileType = sourcecode.c.h; path = PSDataImporter.h; sourceTree = "<group>"; };
		8A37453818A7DC080012E8A2 /* PSDataImporter.m */ = {isa = PBXFileReference; fileEncoding = 4; lastKnownFileType = sourcecode.c.objc; path = PSDataImporter.m; sourceTree = "<group>"; };
		8A37453B18A7EEC20012E8A2 /* PropertySales.storyboard */ = {isa = PBXFileReference; fileEncoding = 4; lastKnownFileType = file.storyboard; path = PropertySales.storyboard; sourceTree = "<group>"; };
		8A37453F18A7F67B0012E8A2 /* PSPropertiesContainerViewController.h */ = {isa = PBXFileReference; fileEncoding = 4; lastKnownFileType = sourcecode.c.h; path = PSPropertiesContainerViewController.h; sourceTree = "<group>"; };
		8A37454018A7F67B0012E8A2 /* PSPropertiesContainerViewController.m */ = {isa = PBXFileReference; fileEncoding = 4; lastKnownFileType = sourcecode.c.objc; path = PSPropertiesContainerViewController.m; sourceTree = "<group>"; };
		8A37454318A7F68E0012E8A2 /* PSPropertiesListViewController.h */ = {isa = PBXFileReference; fileEncoding = 4; lastKnownFileType = sourcecode.c.h; path = PSPropertiesListViewController.h; sourceTree = "<group>"; };
		8A37454418A7F68E0012E8A2 /* PSPropertiesListViewController.m */ = {isa = PBXFileReference; fileEncoding = 4; lastKnownFileType = sourcecode.c.objc; path = PSPropertiesListViewController.m; sourceTree = "<group>"; };
		8A37454718A7F69C0012E8A2 /* PSPropertiesMapViewController.h */ = {isa = PBXFileReference; fileEncoding = 4; lastKnownFileType = sourcecode.c.h; path = PSPropertiesMapViewController.h; sourceTree = "<group>"; };
		8A37454818A7F69C0012E8A2 /* PSPropertiesMapViewController.m */ = {isa = PBXFileReference; fileEncoding = 4; lastKnownFileType = sourcecode.c.objc; path = PSPropertiesMapViewController.m; sourceTree = "<group>"; };
		8A37454B18A7F6AD0012E8A2 /* PSPropertiesFilterViewController.h */ = {isa = PBXFileReference; fileEncoding = 4; lastKnownFileType = sourcecode.c.h; path = PSPropertiesFilterViewController.h; sourceTree = "<group>"; };
		8A37454C18A7F6AD0012E8A2 /* PSPropertiesFilterViewController.m */ = {isa = PBXFileReference; fileEncoding = 4; lastKnownFileType = sourcecode.c.objc; path = PSPropertiesFilterViewController.m; sourceTree = "<group>"; };
		8A37454F18A7F6D40012E8A2 /* PSBaseViewController.h */ = {isa = PBXFileReference; fileEncoding = 4; lastKnownFileType = sourcecode.c.h; path = PSBaseViewController.h; sourceTree = "<group>"; };
		8A37455018A7F6D40012E8A2 /* PSBaseViewController.m */ = {isa = PBXFileReference; fileEncoding = 4; lastKnownFileType = sourcecode.c.objc; path = PSBaseViewController.m; sourceTree = "<group>"; };
		8A37455318A858620012E8A2 /* PSPropertyListTableDataSource.h */ = {isa = PBXFileReference; fileEncoding = 4; lastKnownFileType = sourcecode.c.h; path = PSPropertyListTableDataSource.h; sourceTree = "<group>"; };
		8A37455418A858620012E8A2 /* PSPropertyListTableDataSource.m */ = {isa = PBXFileReference; fileEncoding = 4; lastKnownFileType = sourcecode.c.objc; path = PSPropertyListTableDataSource.m; sourceTree = "<group>"; };
		8A38027A18C2C32C0055041F /* Application-Keys.plist */ = {isa = PBXFileReference; fileEncoding = 4; lastKnownFileType = text.plist.xml; path = "Application-Keys.plist"; sourceTree = "<group>"; };
		8A38027C18C2EC3F0055041F /* PSAboutRefreshPolicyCell.h */ = {isa = PBXFileReference; fileEncoding = 4; lastKnownFileType = sourcecode.c.h; path = PSAboutRefreshPolicyCell.h; sourceTree = "<group>"; };
		8A38027D18C2EC3F0055041F /* PSAboutRefreshPolicyCell.m */ = {isa = PBXFileReference; fileEncoding = 4; lastKnownFileType = sourcecode.c.objc; path = PSAboutRefreshPolicyCell.m; sourceTree = "<group>"; };
		8A4B2EF1189E0651005AEADF /* PSTestViewController.h */ = {isa = PBXFileReference; fileEncoding = 4; lastKnownFileType = sourcecode.c.h; path = PSTestViewController.h; sourceTree = "<group>"; };
		8A4B2EF2189E0651005AEADF /* PSTestViewController.m */ = {isa = PBXFileReference; fileEncoding = 4; lastKnownFileType = sourcecode.c.objc; path = PSTestViewController.m; sourceTree = "<group>"; };
		8A4B2EF4189E0B3B005AEADF /* PSTestStoryboard.storyboard */ = {isa = PBXFileReference; fileEncoding = 4; lastKnownFileType = file.storyboard; path = PSTestStoryboard.storyboard; sourceTree = "<group>"; };
		8A645C1B18A1B1B800DCD756 /* PSLocationManager.h */ = {isa = PBXFileReference; fileEncoding = 4; lastKnownFileType = sourcecode.c.h; path = PSLocationManager.h; sourceTree = "<group>"; };
		8A645C1C18A1B1B800DCD756 /* PSLocationManager.m */ = {isa = PBXFileReference; fileEncoding = 4; lastKnownFileType = sourcecode.c.objc; path = PSLocationManager.m; sourceTree = "<group>"; };
		8A6A9B0F18AFD671004FCC37 /* PSPropertySaleDataParser.h */ = {isa = PBXFileReference; fileEncoding = 4; lastKnownFileType = sourcecode.c.h; path = PSPropertySaleDataParser.h; sourceTree = "<group>"; };
		8A6A9B1018AFD671004FCC37 /* PSPropertySaleDataParser.m */ = {isa = PBXFileReference; fileEncoding = 4; lastKnownFileType = sourcecode.c.objc; path = PSPropertySaleDataParser.m; sourceTree = "<group>"; };
		8A6A9B1218B00024004FCC37 /* PSLocationParser.h */ = {isa = PBXFileReference; fileEncoding = 4; lastKnownFileType = sourcecode.c.h; path = PSLocationParser.h; sourceTree = "<group>"; };
		8A6A9B1318B00024004FCC37 /* PSLocationParser.m */ = {isa = PBXFileReference; fileEncoding = 4; lastKnownFileType = sourcecode.c.objc; path = PSLocationParser.m; sourceTree = "<group>"; };
		8A6A9B1518B01443004FCC37 /* NSObject+ExecutionTimeLogger.h */ = {isa = PBXFileReference; fileEncoding = 4; lastKnownFileType = sourcecode.c.h; path = "NSObject+ExecutionTimeLogger.h"; sourceTree = "<group>"; };
		8A6A9B1618B01443004FCC37 /* NSObject+ExecutionTimeLogger.m */ = {isa = PBXFileReference; fileEncoding = 4; lastKnownFileType = sourcecode.c.objc; path = "NSObject+ExecutionTimeLogger.m"; sourceTree = "<group>"; };
		8A718B3218BA5D9000B71CE9 /* UIColor+Theme.h */ = {isa = PBXFileReference; fileEncoding = 4; lastKnownFileType = sourcecode.c.h; path = "UIColor+Theme.h"; sourceTree = "<group>"; };
		8A718B3318BA5D9000B71CE9 /* UIColor+Theme.m */ = {isa = PBXFileReference; fileEncoding = 4; lastKnownFileType = sourcecode.c.objc; path = "UIColor+Theme.m"; sourceTree = "<group>"; };
		8A795F0318A890D700A9508B /* Property+MKAnnotations.h */ = {isa = PBXFileReference; fileEncoding = 4; lastKnownFileType = sourcecode.c.h; path = "Property+MKAnnotations.h"; sourceTree = "<group>"; };
		8A795F0418A890D700A9508B /* Property+MKAnnotations.m */ = {isa = PBXFileReference; fileEncoding = 4; lastKnownFileType = sourcecode.c.objc; path = "Property+MKAnnotations.m"; sourceTree = "<group>"; };
		8A795F0718A8999F00A9508B /* PSPropertyDetailsViewController.h */ = {isa = PBXFileReference; fileEncoding = 4; lastKnownFileType = sourcecode.c.h; path = PSPropertyDetailsViewController.h; sourceTree = "<group>"; };
		8A795F0818A8999F00A9508B /* PSPropertyDetailsViewController.m */ = {isa = PBXFileReference; fileEncoding = 4; lastKnownFileType = sourcecode.c.objc; path = PSPropertyDetailsViewController.m; sourceTree = "<group>"; };
		8A795F0B18A899D900A9508B /* PSPropertyDetailsTableDataSource.h */ = {isa = PBXFileReference; fileEncoding = 4; lastKnownFileType = sourcecode.c.h; path = PSPropertyDetailsTableDataSource.h; sourceTree = "<group>"; };
		8A795F0C18A899D900A9508B /* PSPropertyDetailsTableDataSource.m */ = {isa = PBXFileReference; fileEncoding = 4; lastKnownFileType = sourcecode.c.objc; path = PSPropertyDetailsTableDataSource.m; sourceTree = "<group>"; };
		8A86CF5A18A47116009048A4 /* PSProperty.h */ = {isa = PBXFileReference; fileEncoding = 4; lastKnownFileType = sourcecode.c.h; path = PSProperty.h; sourceTree = "<group>"; };
		8A86CF5B18A47116009048A4 /* PSProperty.m */ = {isa = PBXFileReference; fileEncoding = 4; lastKnownFileType = sourcecode.c.objc; path = PSProperty.m; sourceTree = "<group>"; };
		8A86CF5F18A47628009048A4 /* PSProperty+LocationParser.h */ = {isa = PBXFileReference; fileEncoding = 4; lastKnownFileType = sourcecode.c.h; path = "PSProperty+LocationParser.h"; sourceTree = "<group>"; };
		8A86CF6018A47628009048A4 /* PSProperty+LocationParser.m */ = {isa = PBXFileReference; fileEncoding = 4; lastKnownFileType = sourcecode.c.objc; path = "PSProperty+LocationParser.m"; sourceTree = "<group>"; };
		8AA6686418AEF2DB00C6C83A /* PSPropertySaleDataRequest.h */ = {isa = PBXFileReference; fileEncoding = 4; lastKnownFileType = sourcecode.c.h; path = PSPropertySaleDataRequest.h; sourceTree = "<group>"; };
		8AA6686518AEF2DB00C6C83A /* PSPropertySaleDataRequest.m */ = {isa = PBXFileReference; fileEncoding = 4; lastKnownFileType = sourcecode.c.objc; path = PSPropertySaleDataRequest.m; sourceTree = "<group>"; };
		8AA758C318A7304F006DFB84 /* PropertySales.xcdatamodel */ = {isa = PBXFileReference; lastKnownFileType = wrapper.xcdatamodel; path = PropertySales.xcdatamodel; sourceTree = "<group>"; };
		8AA758CD18A73456006DFB84 /* AddressLookup.h */ = {isa = PBXFileReference; fileEncoding = 4; lastKnownFileType = sourcecode.c.h; path = AddressLookup.h; sourceTree = "<group>"; };
		8AA758CE18A73456006DFB84 /* AddressLookup.m */ = {isa = PBXFileReference; fileEncoding = 4; lastKnownFileType = sourcecode.c.objc; path = AddressLookup.m; sourceTree = "<group>"; };
		8AA758D118A73456006DFB84 /* Property.h */ = {isa = PBXFileReference; fileEncoding = 4; lastKnownFileType = sourcecode.c.h; path = Property.h; sourceTree = "<group>"; };
		8AA758D218A73456006DFB84 /* Property.m */ = {isa = PBXFileReference; fileEncoding = 4; lastKnownFileType = sourcecode.c.objc; path = Property.m; sourceTree = "<group>"; };
		8AA758DC18A73C35006DFB84 /* AddressLookup+Methods.h */ = {isa = PBXFileReference; fileEncoding = 4; lastKnownFileType = sourcecode.c.h; path = "AddressLookup+Methods.h"; sourceTree = "<group>"; };
		8AA758DD18A73C35006DFB84 /* AddressLookup+Methods.m */ = {isa = PBXFileReference; fileEncoding = 4; lastKnownFileType = sourcecode.c.objc; path = "AddressLookup+Methods.m"; sourceTree = "<group>"; };
		8AA758E018A743D1006DFB84 /* Property+Methods.h */ = {isa = PBXFileReference; fileEncoding = 4; lastKnownFileType = sourcecode.c.h; path = "Property+Methods.h"; sourceTree = "<group>"; };
		8AA758E118A743D1006DFB84 /* Property+Methods.m */ = {isa = PBXFileReference; fileEncoding = 4; lastKnownFileType = sourcecode.c.objc; path = "Property+Methods.m"; sourceTree = "<group>"; };
		8AB7F81018C0316800D77ADE /* PSApplicationContext.h */ = {isa = PBXFileReference; fileEncoding = 4; lastKnownFileType = sourcecode.c.h; path = PSApplicationContext.h; sourceTree = "<group>"; };
		8AB7F81118C0316800D77ADE /* PSApplicationContext.m */ = {isa = PBXFileReference; fileEncoding = 4; lastKnownFileType = sourcecode.c.objc; path = PSApplicationContext.m; sourceTree = "<group>"; };
		8ABAAED918A9CE380011A12C /* PSCoreLocationManagerDelegate.h */ = {isa = PBXFileReference; fileEncoding = 4; lastKnownFileType = sourcecode.c.h; path = PSCoreLocationManagerDelegate.h; sourceTree = "<group>"; };
		8ABAAEDA18A9CE380011A12C /* PSCoreLocationManagerDelegate.m */ = {isa = PBXFileReference; fileEncoding = 4; lastKnownFileType = sourcecode.c.objc; path = PSCoreLocationManagerDelegate.m; sourceTree = "<group>"; };
		8AD25BB018C1103C00A4475F /* NSDate+Utilities.h */ = {isa = PBXFileReference; fileEncoding = 4; lastKnownFileType = sourcecode.c.h; path = "NSDate+Utilities.h"; sourceTree = "<group>"; };
		8AD25BB118C1103C00A4475F /* NSDate+Utilities.m */ = {isa = PBXFileReference; fileEncoding = 4; lastKnownFileType = sourcecode.c.objc; path = "NSDate+Utilities.m"; sourceTree = "<group>"; };
		8ADD4AEC189DA3AC00F1C54B /* PropertySales.app */ = {isa = PBXFileReference; explicitFileType = wrapper.application; includeInIndex = 0; path = PropertySales.app; sourceTree = BUILT_PRODUCTS_DIR; };
		8ADD4AEF189DA3AC00F1C54B /* Foundation.framework */ = {isa = PBXFileReference; lastKnownFileType = wrapper.framework; name = Foundation.framework; path = System/Library/Frameworks/Foundation.framework; sourceTree = SDKROOT; };
		8ADD4AF1189DA3AC00F1C54B /* CoreGraphics.framework */ = {isa = PBXFileReference; lastKnownFileType = wrapper.framework; name = CoreGraphics.framework; path = System/Library/Frameworks/CoreGraphics.framework; sourceTree = SDKROOT; };
		8ADD4AF3189DA3AC00F1C54B /* UIKit.framework */ = {isa = PBXFileReference; lastKnownFileType = wrapper.framework; name = UIKit.framework; path = System/Library/Frameworks/UIKit.framework; sourceTree = SDKROOT; };
		8ADD4AF7189DA3AC00F1C54B /* PropertySales-Info.plist */ = {isa = PBXFileReference; lastKnownFileType = text.plist.xml; path = "PropertySales-Info.plist"; sourceTree = "<group>"; };
		8ADD4AF9189DA3AC00F1C54B /* en */ = {isa = PBXFileReference; lastKnownFileType = text.plist.strings; name = en; path = en.lproj/InfoPlist.strings; sourceTree = "<group>"; };
		8ADD4AFB189DA3AC00F1C54B /* main.m */ = {isa = PBXFileReference; lastKnownFileType = sourcecode.c.objc; path = main.m; sourceTree = "<group>"; };
		8ADD4AFD189DA3AC00F1C54B /* PropertySales-Prefix.pch */ = {isa = PBXFileReference; lastKnownFileType = sourcecode.c.h; path = "PropertySales-Prefix.pch"; sourceTree = "<group>"; };
		8ADD4AFE189DA3AC00F1C54B /* PSAppDelegate.h */ = {isa = PBXFileReference; lastKnownFileType = sourcecode.c.h; path = PSAppDelegate.h; sourceTree = "<group>"; };
		8ADD4AFF189DA3AC00F1C54B /* PSAppDelegate.m */ = {isa = PBXFileReference; lastKnownFileType = sourcecode.c.objc; path = PSAppDelegate.m; sourceTree = "<group>"; };
		8ADD4B01189DA3AC00F1C54B /* Images.xcassets */ = {isa = PBXFileReference; lastKnownFileType = folder.assetcatalog; path = Images.xcassets; sourceTree = "<group>"; };
		8ADD4B07189DA3AC00F1C54B /* PropertySalesTests.xctest */ = {isa = PBXFileReference; explicitFileType = wrapper.cfbundle; includeInIndex = 0; path = PropertySalesTests.xctest; sourceTree = BUILT_PRODUCTS_DIR; };
		8ADD4B08189DA3AC00F1C54B /* XCTest.framework */ = {isa = PBXFileReference; lastKnownFileType = wrapper.framework; name = XCTest.framework; path = Library/Frameworks/XCTest.framework; sourceTree = DEVELOPER_DIR; };
		8ADD4B10189DA3AC00F1C54B /* PropertySalesTests-Info.plist */ = {isa = PBXFileReference; lastKnownFileType = text.plist.xml; path = "PropertySalesTests-Info.plist"; sourceTree = "<group>"; };
		8ADD4B12189DA3AC00F1C54B /* en */ = {isa = PBXFileReference; lastKnownFileType = text.plist.strings; name = en; path = en.lproj/InfoPlist.strings; sourceTree = "<group>"; };
		8ADD4B14189DA3AC00F1C54B /* PropertySalesTests.m */ = {isa = PBXFileReference; lastKnownFileType = sourcecode.c.objc; path = PropertySalesTests.m; sourceTree = "<group>"; };
		8AE27D1518B464820074A3FF /* PSPropertyAnnotation.h */ = {isa = PBXFileReference; fileEncoding = 4; lastKnownFileType = sourcecode.c.h; path = PSPropertyAnnotation.h; sourceTree = "<group>"; };
		8AE27D1618B464820074A3FF /* PSPropertyAnnotation.m */ = {isa = PBXFileReference; fileEncoding = 4; lastKnownFileType = sourcecode.c.objc; path = PSPropertyAnnotation.m; sourceTree = "<group>"; };
		8AE7587618B2757F00879C2E /* PSPropertyListTableViewCell.h */ = {isa = PBXFileReference; fileEncoding = 4; lastKnownFileType = sourcecode.c.h; path = PSPropertyListTableViewCell.h; sourceTree = "<group>"; };
		8AE7587718B2757F00879C2E /* PSPropertyListTableViewCell.m */ = {isa = PBXFileReference; fileEncoding = 4; lastKnownFileType = sourcecode.c.objc; path = PSPropertyListTableViewCell.m; sourceTree = "<group>"; };
		8AE7587E18B2931B00879C2E /* PSPropertyFilterTableDataSource.h */ = {isa = PBXFileReference; fileEncoding = 4; lastKnownFileType = sourcecode.c.h; path = PSPropertyFilterTableDataSource.h; sourceTree = "<group>"; };
		8AE7587F18B2931B00879C2E /* PSPropertyFilterTableDataSource.m */ = {isa = PBXFileReference; fileEncoding = 4; lastKnownFileType = sourcecode.c.objc; path = PSPropertyFilterTableDataSource.m; sourceTree = "<group>"; };
		8AF2934A18AC66A200DA0D2D /* PSSearchResultsViewModel.h */ = {isa = PBXFileReference; fileEncoding = 4; lastKnownFileType = sourcecode.c.h; path = PSSearchResultsViewModel.h; sourceTree = "<group>"; };
		8AF2934B18AC66A200DA0D2D /* PSSearchResultsViewModel.m */ = {isa = PBXFileReference; fileEncoding = 4; lastKnownFileType = sourcecode.c.objc; path = PSSearchResultsViewModel.m; sourceTree = "<group>"; };
		8AF2A1DE18CAA2E100D440A3 /* AddressToGeocodeMapping.plist */ = {isa = PBXFileReference; fileEncoding = 4; lastKnownFileType = text.plist.xml; path = AddressToGeocodeMapping.plist; sourceTree = "<group>"; };
		8AF2A1DF18CAA2E100D440A3 /* PropertiesArray.plist */ = {isa = PBXFileReference; fileEncoding = 4; lastKnownFileType = text.plist.xml; path = PropertiesArray.plist; sourceTree = "<group>"; };
		8AFAD2A5189DE455007457B8 /* PSLogging.h */ = {isa = PBXFileReference; fileEncoding = 4; lastKnownFileType = sourcecode.c.h; path = PSLogging.h; sourceTree = "<group>"; };
		A6414AA82B044257923D8A23 /* Pods.xcconfig */ = {isa = PBXFileReference; includeInIndex = 1; lastKnownFileType = text.xcconfig; name = Pods.xcconfig; path = Pods/Pods.xcconfig; sourceTree = "<group>"; };
		AE1B0038DC8245B09D11F7E4 /* libPods.a */ = {isa = PBXFileReference; explicitFileType = archive.ar; includeInIndex = 0; path = libPods.a; sourceTree = BUILT_PRODUCTS_DIR; };
/* End PBXFileReference section */

/* Begin PBXFrameworksBuildPhase section */
		8ADD4AE9189DA3AC00F1C54B /* Frameworks */ = {
			isa = PBXFrameworksBuildPhase;
			buildActionMask = 2147483647;
			files = (
				8A0349F218A1B2B200963A2F /* MapKit.framework in Frameworks */,
				8A0349F018A1B28500963A2F /* AddressBook.framework in Frameworks */,
				8ADD4AF2189DA3AC00F1C54B /* CoreGraphics.framework in Frameworks */,
				8ADD4AF4189DA3AC00F1C54B /* UIKit.framework in Frameworks */,
				8ADD4AF0189DA3AC00F1C54B /* Foundation.framework in Frameworks */,
				7EA81D9150D64BB9A3A04909 /* libPods.a in Frameworks */,
			);
			runOnlyForDeploymentPostprocessing = 0;
		};
		8ADD4B04189DA3AC00F1C54B /* Frameworks */ = {
			isa = PBXFrameworksBuildPhase;
			buildActionMask = 2147483647;
			files = (
				8ADD4B09189DA3AC00F1C54B /* XCTest.framework in Frameworks */,
				8ADD4B0B189DA3AC00F1C54B /* UIKit.framework in Frameworks */,
				8ADD4B0A189DA3AC00F1C54B /* Foundation.framework in Frameworks */,
				4AD155EB621640108A22DE9D /* libPods-PropertySalesTests.a in Frameworks */,
			);
			runOnlyForDeploymentPostprocessing = 0;
		};
/* End PBXFrameworksBuildPhase section */

/* Begin PBXGroup section */
		8A2965A818ADCDC900AA330C /* Importer */ = {
			isa = PBXGroup;
			children = (
				8A37453718A7DC080012E8A2 /* PSDataImporter.h */,
				8A37453818A7DC080012E8A2 /* PSDataImporter.m */,
			);
			name = Importer;
			sourceTree = "<group>";
		};
		8A2965A918ADCDD100AA330C /* Manager */ = {
			isa = PBXGroup;
			children = (
				8A2965B818ADD3FD00AA330C /* PSDataManager.h */,
				8A2965B918ADD3FD00AA330C /* PSDataManager.m */,
			);
			name = Manager;
			sourceTree = "<group>";
		};
		8A2965AA18ADCE8500AA330C /* Communicator */ = {
			isa = PBXGroup;
			children = (
				8A2965AB18ADD02100AA330C /* PSPropertyMetaDataRequest.h */,
				8A2965AC18ADD02100AA330C /* PSPropertyMetaDataRequest.m */,
				8AA6686418AEF2DB00C6C83A /* PSPropertySaleDataRequest.h */,
				8AA6686518AEF2DB00C6C83A /* PSPropertySaleDataRequest.m */,
				8A2965AF18ADD1B000AA330C /* PSHttpClient.h */,
				8A2965B018ADD1B000AA330C /* PSHttpClient.m */,
				8A2965BC18ADD49700AA330C /* PSDataCommunicator.h */,
				8A2965BD18ADD49700AA330C /* PSDataCommunicator.m */,
			);
			name = Communicator;
			sourceTree = "<group>";
		};
		8A2965B318ADD28C00AA330C /* FileManager */ = {
			isa = PBXGroup;
			children = (
				8A2965B418ADD29E00AA330C /* PSFileManager.h */,
				8A2965B518ADD29E00AA330C /* PSFileManager.m */,
			);
			name = FileManager;
			sourceTree = "<group>";
		};
		8A2965C018ADDB3000AA330C /* Parser */ = {
			isa = PBXGroup;
			children = (
				8A2965C118ADDB6200AA330C /* PSPropertyMetadataDataParser.h */,
				8A2965C218ADDB6200AA330C /* PSPropertyMetadataDataParser.m */,
				8A6A9B0F18AFD671004FCC37 /* PSPropertySaleDataParser.h */,
				8A6A9B1018AFD671004FCC37 /* PSPropertySaleDataParser.m */,
				8A6A9B1218B00024004FCC37 /* PSLocationParser.h */,
				8A6A9B1318B00024004FCC37 /* PSLocationParser.m */,
			);
			name = Parser;
			sourceTree = "<group>";
		};
		8A37453E18A7F6520012E8A2 /* ViewController */ = {
			isa = PBXGroup;
			children = (
				8A37454F18A7F6D40012E8A2 /* PSBaseViewController.h */,
				8A37455018A7F6D40012E8A2 /* PSBaseViewController.m */,
				8A37453F18A7F67B0012E8A2 /* PSPropertiesContainerViewController.h */,
				8A37454018A7F67B0012E8A2 /* PSPropertiesContainerViewController.m */,
				8A37454318A7F68E0012E8A2 /* PSPropertiesListViewController.h */,
				8A37454418A7F68E0012E8A2 /* PSPropertiesListViewController.m */,
				8A37454718A7F69C0012E8A2 /* PSPropertiesMapViewController.h */,
				8A37454818A7F69C0012E8A2 /* PSPropertiesMapViewController.m */,
				8AE7587618B2757F00879C2E /* PSPropertyListTableViewCell.h */,
				8AE7587718B2757F00879C2E /* PSPropertyListTableViewCell.m */,
				8A795F0718A8999F00A9508B /* PSPropertyDetailsViewController.h */,
				8A795F0818A8999F00A9508B /* PSPropertyDetailsViewController.m */,
				8A37454B18A7F6AD0012E8A2 /* PSPropertiesFilterViewController.h */,
				8A37454C18A7F6AD0012E8A2 /* PSPropertiesFilterViewController.m */,
				8A1215B918BFF03C00468925 /* PSAboutViewController.h */,
				8A1215BA18BFF03C00468925 /* PSAboutViewController.m */,
				8A37455318A858620012E8A2 /* PSPropertyListTableDataSource.h */,
				8A37455418A858620012E8A2 /* PSPropertyListTableDataSource.m */,
				8A795F0B18A899D900A9508B /* PSPropertyDetailsTableDataSource.h */,
				8A795F0C18A899D900A9508B /* PSPropertyDetailsTableDataSource.m */,
				8AE7587E18B2931B00879C2E /* PSPropertyFilterTableDataSource.h */,
				8AE7587F18B2931B00879C2E /* PSPropertyFilterTableDataSource.m */,
				8A1215BC18BFF05A00468925 /* PSAboutTableDataSource.h */,
				8A1215BD18BFF05A00468925 /* PSAboutTableDataSource.m */,
				8ABAAED918A9CE380011A12C /* PSCoreLocationManagerDelegate.h */,
				8ABAAEDA18A9CE380011A12C /* PSCoreLocationManagerDelegate.m */,
				8A0F87BC18B8710E0082D2D3 /* PSCoreLocationManager.h */,
				8A0F87BD18B8710E0082D2D3 /* PSCoreLocationManager.m */,
				8AF2934A18AC66A200DA0D2D /* PSSearchResultsViewModel.h */,
				8AF2934B18AC66A200DA0D2D /* PSSearchResultsViewModel.m */,
				8A2A3D5A18B84B6100078596 /* PSGoogleMapsManager.h */,
				8A2A3D5B18B84B6100078596 /* PSGoogleMapsManager.m */,
				8A38027C18C2EC3F0055041F /* PSAboutRefreshPolicyCell.h */,
				8A38027D18C2EC3F0055041F /* PSAboutRefreshPolicyCell.m */,
			);
			name = ViewController;
			sourceTree = "<group>";
		};
		8A645C1A18A1B19700DCD756 /* Location */ = {
			isa = PBXGroup;
			children = (
				8A645C1B18A1B1B800DCD756 /* PSLocationManager.h */,
				8A645C1C18A1B1B800DCD756 /* PSLocationManager.m */,
			);
			name = Location;
			sourceTree = "<group>";
		};
		8A86CF5E18A4711C009048A4 /* Model */ = {
			isa = PBXGroup;
			children = (
				8AA758C218A7304F006DFB84 /* PropertySales.xcdatamodeld */,
				8A86CF5A18A47116009048A4 /* PSProperty.h */,
				8A86CF5B18A47116009048A4 /* PSProperty.m */,
				8AA758D118A73456006DFB84 /* Property.h */,
				8AA758D218A73456006DFB84 /* Property.m */,
				8AA758E018A743D1006DFB84 /* Property+Methods.h */,
				8AA758E118A743D1006DFB84 /* Property+Methods.m */,
				8A795F0318A890D700A9508B /* Property+MKAnnotations.h */,
				8A795F0418A890D700A9508B /* Property+MKAnnotations.m */,
				8AA758DC18A73C35006DFB84 /* AddressLookup+Methods.h */,
				8AA758DD18A73C35006DFB84 /* AddressLookup+Methods.m */,
				8AA758CD18A73456006DFB84 /* AddressLookup.h */,
				8AA758CE18A73456006DFB84 /* AddressLookup.m */,
				8AE27D1518B464820074A3FF /* PSPropertyAnnotation.h */,
				8AE27D1618B464820074A3FF /* PSPropertyAnnotation.m */,
			);
			name = Model;
			sourceTree = "<group>";
		};
		8AA758D518A734DB006DFB84 /* AppStartupData */ = {
			isa = PBXGroup;
			children = (
				8AF2A1DE18CAA2E100D440A3 /* AddressToGeocodeMapping.plist */,
				8AF2A1DF18CAA2E100D440A3 /* PropertiesArray.plist */,
			);
			name = AppStartupData;
			sourceTree = "<group>";
		};
		8AB7F80F18C0315400D77ADE /* Common */ = {
			isa = PBXGroup;
			children = (
				8AB7F81018C0316800D77ADE /* PSApplicationContext.h */,
				8AB7F81118C0316800D77ADE /* PSApplicationContext.m */,
			);
			name = Common;
			sourceTree = "<group>";
		};
		8ADD4AE3189DA3AC00F1C54B = {
			isa = PBXGroup;
			children = (
				8ADD4AF5189DA3AC00F1C54B /* PropertySales */,
				8ADD4B0E189DA3AC00F1C54B /* PropertySalesTests */,
				8ADD4AEE189DA3AC00F1C54B /* Frameworks */,
				8ADD4AED189DA3AC00F1C54B /* Products */,
				A6414AA82B044257923D8A23 /* Pods.xcconfig */,
				37918D9DAC1A4C458C6C9B40 /* Pods-PropertySalesTests.xcconfig */,
			);
			sourceTree = "<group>";
		};
		8ADD4AED189DA3AC00F1C54B /* Products */ = {
			isa = PBXGroup;
			children = (
				8ADD4AEC189DA3AC00F1C54B /* PropertySales.app */,
				8ADD4B07189DA3AC00F1C54B /* PropertySalesTests.xctest */,
			);
			name = Products;
			sourceTree = "<group>";
		};
		8ADD4AEE189DA3AC00F1C54B /* Frameworks */ = {
			isa = PBXGroup;
			children = (
				8A0349F118A1B2B200963A2F /* MapKit.framework */,
				8A0349EF18A1B28500963A2F /* AddressBook.framework */,
				8ADD4AEF189DA3AC00F1C54B /* Foundation.framework */,
				8ADD4AF1189DA3AC00F1C54B /* CoreGraphics.framework */,
				8ADD4AF3189DA3AC00F1C54B /* UIKit.framework */,
				8ADD4B08189DA3AC00F1C54B /* XCTest.framework */,
				AE1B0038DC8245B09D11F7E4 /* libPods.a */,
				57F2FAFC7B654D93A3F075C1 /* libPods-PropertySalesTests.a */,
			);
			name = Frameworks;
			sourceTree = "<group>";
		};
		8ADD4AF5189DA3AC00F1C54B /* PropertySales */ = {
			isa = PBXGroup;
			children = (
				8AB7F80F18C0315400D77ADE /* Common */,
				8AE1457F18A05B010051E912 /* Data */,
				8AA758D518A734DB006DFB84 /* AppStartupData */,
				8A645C1A18A1B19700DCD756 /* Location */,
				8AF2935018AC762A00DA0D2D /* Object+Categories */,
				8A37453E18A7F6520012E8A2 /* ViewController */,
				8ADD4AF6189DA3AC00F1C54B /* Supporting Files */,
				8ADD4AFE189DA3AC00F1C54B /* PSAppDelegate.h */,
				8ADD4AFF189DA3AC00F1C54B /* PSAppDelegate.m */,
				8A4B2EF1189E0651005AEADF /* PSTestViewController.h */,
				8A4B2EF2189E0651005AEADF /* PSTestViewController.m */,
				8A4B2EF4189E0B3B005AEADF /* PSTestStoryboard.storyboard */,
				8A37453B18A7EEC20012E8A2 /* PropertySales.storyboard */,
				8ADD4B01189DA3AC00F1C54B /* Images.xcassets */,
			);
			path = PropertySales;
			sourceTree = "<group>";
		};
		8ADD4AF6189DA3AC00F1C54B /* Supporting Files */ = {
			isa = PBXGroup;
			children = (
				8ADD4AF7189DA3AC00F1C54B /* PropertySales-Info.plist */,
				8ADD4AF8189DA3AC00F1C54B /* InfoPlist.strings */,
				8ADD4AFB189DA3AC00F1C54B /* main.m */,
				8AFAD2A5189DE455007457B8 /* PSLogging.h */,
				8ADD4AFD189DA3AC00F1C54B /* PropertySales-Prefix.pch */,
				8A38027A18C2C32C0055041F /* Application-Keys.plist */,
			);
			name = "Supporting Files";
			sourceTree = "<group>";
		};
		8ADD4B0E189DA3AC00F1C54B /* PropertySalesTests */ = {
			isa = PBXGroup;
			children = (
				8ADD4B14189DA3AC00F1C54B /* PropertySalesTests.m */,
				8ADD4B0F189DA3AC00F1C54B /* Supporting Files */,
			);
			path = PropertySalesTests;
			sourceTree = "<group>";
		};
		8ADD4B0F189DA3AC00F1C54B /* Supporting Files */ = {
			isa = PBXGroup;
			children = (
				8ADD4B10189DA3AC00F1C54B /* PropertySalesTests-Info.plist */,
				8ADD4B11189DA3AC00F1C54B /* InfoPlist.strings */,
			);
			name = "Supporting Files";
			sourceTree = "<group>";
		};
		8AE1457F18A05B010051E912 /* Data */ = {
			isa = PBXGroup;
			children = (
				8A2965C018ADDB3000AA330C /* Parser */,
				8A2965B318ADD28C00AA330C /* FileManager */,
				8A2965A918ADCDD100AA330C /* Manager */,
				8A2965AA18ADCE8500AA330C /* Communicator */,
				8A2965A818ADCDC900AA330C /* Importer */,
				8A86CF5E18A4711C009048A4 /* Model */,
				8A86CF5F18A47628009048A4 /* PSProperty+LocationParser.h */,
				8A86CF6018A47628009048A4 /* PSProperty+LocationParser.m */,
			);
			name = Data;
			sourceTree = "<group>";
		};
		8AF2935018AC762A00DA0D2D /* Object+Categories */ = {
			isa = PBXGroup;
			children = (
				8A718B3218BA5D9000B71CE9 /* UIColor+Theme.h */,
				8A718B3318BA5D9000B71CE9 /* UIColor+Theme.m */,
				8A6A9B1518B01443004FCC37 /* NSObject+ExecutionTimeLogger.h */,
				8A6A9B1618B01443004FCC37 /* NSObject+ExecutionTimeLogger.m */,
				8AD25BB018C1103C00A4475F /* NSDate+Utilities.h */,
				8AD25BB118C1103C00A4475F /* NSDate+Utilities.m */,
			);
			name = "Object+Categories";
			sourceTree = "<group>";
		};
/* End PBXGroup section */

/* Begin PBXNativeTarget section */
		8ADD4AEB189DA3AC00F1C54B /* PropertySales */ = {
			isa = PBXNativeTarget;
			buildConfigurationList = 8ADD4B18189DA3AC00F1C54B /* Build configuration list for PBXNativeTarget "PropertySales" */;
			buildPhases = (
				472FC675E4FA44E48FF3B333 /* Check Pods Manifest.lock */,
				8ADD4AE8189DA3AC00F1C54B /* Sources */,
				8ADD4AE9189DA3AC00F1C54B /* Frameworks */,
				8ADD4AEA189DA3AC00F1C54B /* Resources */,
				F2AF47BCF8104E8E91401614 /* Copy Pods Resources */,
				8A4B2EEE189E045C005AEADF /* ShellScript */,
			);
			buildRules = (
			);
			dependencies = (
			);
			name = PropertySales;
			productName = PropertySales;
			productReference = 8ADD4AEC189DA3AC00F1C54B /* PropertySales.app */;
			productType = "com.apple.product-type.application";
		};
		8ADD4B06189DA3AC00F1C54B /* PropertySalesTests */ = {
			isa = PBXNativeTarget;
			buildConfigurationList = 8ADD4B1B189DA3AC00F1C54B /* Build configuration list for PBXNativeTarget "PropertySalesTests" */;
			buildPhases = (
				42E58FA9A4924360AC365991 /* Check Pods Manifest.lock */,
				8ADD4B03189DA3AC00F1C54B /* Sources */,
				8ADD4B04189DA3AC00F1C54B /* Frameworks */,
				8ADD4B05189DA3AC00F1C54B /* Resources */,
				9D1F1A8F389C4FA3BD26B35E /* Copy Pods Resources */,
			);
			buildRules = (
			);
			dependencies = (
				8ADD4B0D189DA3AC00F1C54B /* PBXTargetDependency */,
			);
			name = PropertySalesTests;
			productName = PropertySalesTests;
			productReference = 8ADD4B07189DA3AC00F1C54B /* PropertySalesTests.xctest */;
			productType = "com.apple.product-type.bundle.unit-test";
		};
/* End PBXNativeTarget section */

/* Begin PBXProject section */
		8ADD4AE4189DA3AC00F1C54B /* Project object */ = {
			isa = PBXProject;
			attributes = {
				CLASSPREFIX = PS;
				LastUpgradeCheck = 0500;
				ORGANIZATIONNAME = "Shradha iSolutions";
				TargetAttributes = {
					8ADD4AEB189DA3AC00F1C54B = {
						DevelopmentTeam = 4624S9SBJP;
					};
					8ADD4B06189DA3AC00F1C54B = {
						TestTargetID = 8ADD4AEB189DA3AC00F1C54B;
					};
				};
			};
			buildConfigurationList = 8ADD4AE7189DA3AC00F1C54B /* Build configuration list for PBXProject "PropertySales" */;
			compatibilityVersion = "Xcode 3.2";
			developmentRegion = English;
			hasScannedForEncodings = 0;
			knownRegions = (
				en,
			);
			mainGroup = 8ADD4AE3189DA3AC00F1C54B;
			productRefGroup = 8ADD4AED189DA3AC00F1C54B /* Products */;
			projectDirPath = "";
			projectRoot = "";
			targets = (
				8ADD4AEB189DA3AC00F1C54B /* PropertySales */,
				8ADD4B06189DA3AC00F1C54B /* PropertySalesTests */,
			);
		};
/* End PBXProject section */

/* Begin PBXResourcesBuildPhase section */
		8ADD4AEA189DA3AC00F1C54B /* Resources */ = {
			isa = PBXResourcesBuildPhase;
			buildActionMask = 2147483647;
			files = (
				8A37453C18A7EEC20012E8A2 /* PropertySales.storyboard in Resources */,
				8ADD4AFA189DA3AC00F1C54B /* InfoPlist.strings in Resources */,
				8AF2A1E118CAA2E100D440A3 /* PropertiesArray.plist in Resources */,
				8A38027B18C2C32C0055041F /* Application-Keys.plist in Resources */,
				8ADD4B02189DA3AC00F1C54B /* Images.xcassets in Resources */,
				8AF2A1E018CAA2E100D440A3 /* AddressToGeocodeMapping.plist in Resources */,
				8A4B2EF5189E0B3B005AEADF /* PSTestStoryboard.storyboard in Resources */,
			);
			runOnlyForDeploymentPostprocessing = 0;
		};
		8ADD4B05189DA3AC00F1C54B /* Resources */ = {
			isa = PBXResourcesBuildPhase;
			buildActionMask = 2147483647;
			files = (
				8A37453D18A7EEC20012E8A2 /* PropertySales.storyboard in Resources */,
				8ADD4B13189DA3AC00F1C54B /* InfoPlist.strings in Resources */,
			);
			runOnlyForDeploymentPostprocessing = 0;
		};
/* End PBXResourcesBuildPhase section */

/* Begin PBXShellScriptBuildPhase section */
		42E58FA9A4924360AC365991 /* Check Pods Manifest.lock */ = {
			isa = PBXShellScriptBuildPhase;
			buildActionMask = 2147483647;
			files = (
			);
			inputPaths = (
			);
			name = "Check Pods Manifest.lock";
			outputPaths = (
			);
			runOnlyForDeploymentPostprocessing = 0;
			shellPath = /bin/sh;
			shellScript = "diff \"${PODS_ROOT}/../Podfile.lock\" \"${PODS_ROOT}/Manifest.lock\" > /dev/null\nif [[ $? != 0 ]] ; then\n    cat << EOM\nerror: The sandbox is not in sync with the Podfile.lock. Run 'pod install' or update your CocoaPods installation.\nEOM\n    exit 1\nfi\n";
			showEnvVarsInLog = 0;
		};
		472FC675E4FA44E48FF3B333 /* Check Pods Manifest.lock */ = {
			isa = PBXShellScriptBuildPhase;
			buildActionMask = 2147483647;
			files = (
			);
			inputPaths = (
			);
			name = "Check Pods Manifest.lock";
			outputPaths = (
			);
			runOnlyForDeploymentPostprocessing = 0;
			shellPath = /bin/sh;
			shellScript = "diff \"${PODS_ROOT}/../Podfile.lock\" \"${PODS_ROOT}/Manifest.lock\" > /dev/null\nif [[ $? != 0 ]] ; then\n    cat << EOM\nerror: The sandbox is not in sync with the Podfile.lock. Run 'pod install' or update your CocoaPods installation.\nEOM\n    exit 1\nfi\n";
			showEnvVarsInLog = 0;
		};
		8A4B2EEE189E045C005AEADF /* ShellScript */ = {
			isa = PBXShellScriptBuildPhase;
			buildActionMask = 2147483647;
			files = (
			);
			inputPaths = (
			);
			outputPaths = (
			);
			runOnlyForDeploymentPostprocessing = 0;
			shellPath = /bin/sh;
			shellScript = "./Pods/CrashlyticsFramework/Crashlytics.framework/run fae00db142eb503989a6c199d8a844b24463151f";
		};
		9D1F1A8F389C4FA3BD26B35E /* Copy Pods Resources */ = {
			isa = PBXShellScriptBuildPhase;
			buildActionMask = 2147483647;
			files = (
			);
			inputPaths = (
			);
			name = "Copy Pods Resources";
			outputPaths = (
			);
			runOnlyForDeploymentPostprocessing = 0;
			shellPath = /bin/sh;
			shellScript = "\"${SRCROOT}/Pods/Pods-PropertySalesTests-resources.sh\"\n";
			showEnvVarsInLog = 0;
		};
		F2AF47BCF8104E8E91401614 /* Copy Pods Resources */ = {
			isa = PBXShellScriptBuildPhase;
			buildActionMask = 2147483647;
			files = (
			);
			inputPaths = (
			);
			name = "Copy Pods Resources";
			outputPaths = (
			);
			runOnlyForDeploymentPostprocessing = 0;
			shellPath = /bin/sh;
			shellScript = "\"${SRCROOT}/Pods/Pods-resources.sh\"\n";
			showEnvVarsInLog = 0;
		};
/* End PBXShellScriptBuildPhase section */

/* Begin PBXSourcesBuildPhase section */
		8ADD4AE8189DA3AC00F1C54B /* Sources */ = {
			isa = PBXSourcesBuildPhase;
			buildActionMask = 2147483647;
			files = (
				8A2965BA18ADD3FD00AA330C /* PSDataManager.m in Sources */,
				8AB7F81218C0316800D77ADE /* PSApplicationContext.m in Sources */,
				8AA758D318A73456006DFB84 /* Property.m in Sources */,
				8AA758E218A743D1006DFB84 /* Property+Methods.m in Sources */,
				8A6A9B1718B01443004FCC37 /* NSObject+ExecutionTimeLogger.m in Sources */,
				8A86CF6118A47628009048A4 /* PSProperty+LocationParser.m in Sources */,
				8A37454518A7F68E0012E8A2 /* PSPropertiesListViewController.m in Sources */,
				8AF2934C18AC66A200DA0D2D /* PSSearchResultsViewModel.m in Sources */,
				8A2A3D5C18B84B6100078596 /* PSGoogleMapsManager.m in Sources */,
				8ADD4AFC189DA3AC00F1C54B /* main.m in Sources */,
				8AE7587818B2757F00879C2E /* PSPropertyListTableViewCell.m in Sources */,
				8A2965B618ADD29E00AA330C /* PSFileManager.m in Sources */,
				8A6A9B1418B00024004FCC37 /* PSLocationParser.m in Sources */,
				8ADD4B00189DA3AC00F1C54B /* PSAppDelegate.m in Sources */,
				8A38027E18C2EC3F0055041F /* PSAboutRefreshPolicyCell.m in Sources */,
				8A37453918A7DC080012E8A2 /* PSDataImporter.m in Sources */,
				8A37454918A7F69C0012E8A2 /* PSPropertiesMapViewController.m in Sources */,
				8A1215BB18BFF03C00468925 /* PSAboutViewController.m in Sources */,
				8A2965BE18ADD49700AA330C /* PSDataCommunicator.m in Sources */,
				8AA758C418A7304F006DFB84 /* PropertySales.xcdatamodeld in Sources */,
				8ABAAEDB18A9CE380011A12C /* PSCoreLocationManagerDelegate.m in Sources */,
				8A6A9B1118AFD671004FCC37 /* PSPropertySaleDataParser.m in Sources */,
				8AE7588018B2931C00879C2E /* PSPropertyFilterTableDataSource.m in Sources */,
				8AA758DE18A73C35006DFB84 /* AddressLookup+Methods.m in Sources */,
				8AA758CF18A73456006DFB84 /* AddressLookup.m in Sources */,
				8A2965AD18ADD02100AA330C /* PSPropertyMetaDataRequest.m in Sources */,
				8A2965B118ADD1B000AA330C /* PSHttpClient.m in Sources */,
				8A2965C318ADDB6200AA330C /* PSPropertyMetadataDataParser.m in Sources */,
				8A645C1D18A1B1B800DCD756 /* PSLocationManager.m in Sources */,
				8A1215BE18BFF05A00468925 /* PSAboutTableDataSource.m in Sources */,
				8AD25BB218C1103C00A4475F /* NSDate+Utilities.m in Sources */,
				8A37454D18A7F6AD0012E8A2 /* PSPropertiesFilterViewController.m in Sources */,
				8A795F0518A890D700A9508B /* Property+MKAnnotations.m in Sources */,
				8A37455118A7F6D40012E8A2 /* PSBaseViewController.m in Sources */,
				8A795F0D18A899D900A9508B /* PSPropertyDetailsTableDataSource.m in Sources */,
				8A718B3418BA5D9000B71CE9 /* UIColor+Theme.m in Sources */,
				8AA6686618AEF2DB00C6C83A /* PSPropertySaleDataRequest.m in Sources */,
				8A37454118A7F67B0012E8A2 /* PSPropertiesContainerViewController.m in Sources */,
				8A37455518A858620012E8A2 /* PSPropertyListTableDataSource.m in Sources */,
				8A0F87BE18B8710E0082D2D3 /* PSCoreLocationManager.m in Sources */,
				8A795F0918A8999F00A9508B /* PSPropertyDetailsViewController.m in Sources */,
				8AE27D1718B464820074A3FF /* PSPropertyAnnotation.m in Sources */,
				8A86CF5C18A47116009048A4 /* PSProperty.m in Sources */,
				8A4B2EF3189E0651005AEADF /* PSTestViewController.m in Sources */,
			);
			runOnlyForDeploymentPostprocessing = 0;
		};
		8ADD4B03189DA3AC00F1C54B /* Sources */ = {
			isa = PBXSourcesBuildPhase;
			buildActionMask = 2147483647;
			files = (
				8A795F0618A890D700A9508B /* Property+MKAnnotations.m in Sources */,
				8A2965B218ADD1B000AA330C /* PSHttpClient.m in Sources */,
				8A37454E18A7F6AD0012E8A2 /* PSPropertiesFilterViewController.m in Sources */,
				8A37455618A858620012E8A2 /* PSPropertyListTableDataSource.m in Sources */,
				8A37454618A7F68E0012E8A2 /* PSPropertiesListViewController.m in Sources */,
				8A645C1E18A1B1B800DCD756 /* PSLocationManager.m in Sources */,
				8AA758DF18A73C35006DFB84 /* AddressLookup+Methods.m in Sources */,
				8A37455218A7F6D40012E8A2 /* PSBaseViewController.m in Sources */,
				8A86CF6218A47628009048A4 /* PSProperty+LocationParser.m in Sources */,
				8AA758D018A73456006DFB84 /* AddressLookup.m in Sources */,
				8ABAAEDC18A9CE380011A12C /* PSCoreLocationManagerDelegate.m in Sources */,
				8AA758D418A73456006DFB84 /* Property.m in Sources */,
				8A2965C418ADDB6200AA330C /* PSPropertyMetadataDataParser.m in Sources */,
				8A795F0A18A8999F00A9508B /* PSPropertyDetailsViewController.m in Sources */,
				8ADD4B15189DA3AC00F1C54B /* PropertySalesTests.m in Sources */,
				8AA758E318A743D1006DFB84 /* Property+Methods.m in Sources */,
				8A37454A18A7F69C0012E8A2 /* PSPropertiesMapViewController.m in Sources */,
				8A37454218A7F67B0012E8A2 /* PSPropertiesContainerViewController.m in Sources */,
				8A2965BB18ADD3FD00AA330C /* PSDataManager.m in Sources */,
				8A2965AE18ADD02100AA330C /* PSPropertyMetaDataRequest.m in Sources */,
				8A795F0E18A899D900A9508B /* PSPropertyDetailsTableDataSource.m in Sources */,
				8A37453A18A7DC080012E8A2 /* PSDataImporter.m in Sources */,
				8A2965B718ADD29E00AA330C /* PSFileManager.m in Sources */,
				8A2965BF18ADD49700AA330C /* PSDataCommunicator.m in Sources */,
				8A86CF5D18A47116009048A4 /* PSProperty.m in Sources */,
			);
			runOnlyForDeploymentPostprocessing = 0;
		};
/* End PBXSourcesBuildPhase section */

/* Begin PBXTargetDependency section */
		8ADD4B0D189DA3AC00F1C54B /* PBXTargetDependency */ = {
			isa = PBXTargetDependency;
			target = 8ADD4AEB189DA3AC00F1C54B /* PropertySales */;
			targetProxy = 8ADD4B0C189DA3AC00F1C54B /* PBXContainerItemProxy */;
		};
/* End PBXTargetDependency section */

/* Begin PBXVariantGroup section */
		8ADD4AF8189DA3AC00F1C54B /* InfoPlist.strings */ = {
			isa = PBXVariantGroup;
			children = (
				8ADD4AF9189DA3AC00F1C54B /* en */,
			);
			name = InfoPlist.strings;
			sourceTree = "<group>";
		};
		8ADD4B11189DA3AC00F1C54B /* InfoPlist.strings */ = {
			isa = PBXVariantGroup;
			children = (
				8ADD4B12189DA3AC00F1C54B /* en */,
			);
			name = InfoPlist.strings;
			sourceTree = "<group>";
		};
/* End PBXVariantGroup section */

/* Begin XCBuildConfiguration section */
		8ADD4B16189DA3AC00F1C54B /* Debug */ = {
			isa = XCBuildConfiguration;
			buildSettings = {
				ALWAYS_SEARCH_USER_PATHS = NO;
				ARCHS = "$(ARCHS_STANDARD_INCLUDING_64_BIT)";
				CLANG_CXX_LANGUAGE_STANDARD = "gnu++0x";
				CLANG_CXX_LIBRARY = "libc++";
				CLANG_ENABLE_MODULES = YES;
				CLANG_ENABLE_OBJC_ARC = YES;
				CLANG_WARN_BOOL_CONVERSION = YES;
				CLANG_WARN_CONSTANT_CONVERSION = YES;
				CLANG_WARN_DIRECT_OBJC_ISA_USAGE = YES_ERROR;
				CLANG_WARN_EMPTY_BODY = YES;
				CLANG_WARN_ENUM_CONVERSION = YES;
				CLANG_WARN_INT_CONVERSION = YES;
				CLANG_WARN_OBJC_ROOT_CLASS = YES_ERROR;
				CLANG_WARN__DUPLICATE_METHOD_MATCH = YES;
				"CODE_SIGN_IDENTITY[sdk=iphoneos*]" = "iPhone Developer";
				COPY_PHASE_STRIP = NO;
				GCC_C_LANGUAGE_STANDARD = gnu99;
				GCC_DYNAMIC_NO_PIC = NO;
				GCC_OPTIMIZATION_LEVEL = 0;
				GCC_PREPROCESSOR_DEFINITIONS = (
					"DEBUG=1",
					"$(inherited)",
				);
				GCC_SYMBOLS_PRIVATE_EXTERN = NO;
				GCC_WARN_64_TO_32_BIT_CONVERSION = YES;
				GCC_WARN_ABOUT_RETURN_TYPE = YES_ERROR;
				GCC_WARN_UNDECLARED_SELECTOR = YES;
				GCC_WARN_UNINITIALIZED_AUTOS = YES;
				GCC_WARN_UNUSED_FUNCTION = YES;
				GCC_WARN_UNUSED_VARIABLE = YES;
				IPHONEOS_DEPLOYMENT_TARGET = 7.0;
				ONLY_ACTIVE_ARCH = YES;
				SDKROOT = iphoneos;
				TARGETED_DEVICE_FAMILY = "1,2";
			};
			name = Debug;
		};
		8ADD4B17189DA3AC00F1C54B /* Release */ = {
			isa = XCBuildConfiguration;
			buildSettings = {
				ALWAYS_SEARCH_USER_PATHS = NO;
				ARCHS = "$(ARCHS_STANDARD_INCLUDING_64_BIT)";
				CLANG_CXX_LANGUAGE_STANDARD = "gnu++0x";
				CLANG_CXX_LIBRARY = "libc++";
				CLANG_ENABLE_MODULES = YES;
				CLANG_ENABLE_OBJC_ARC = YES;
				CLANG_WARN_BOOL_CONVERSION = YES;
				CLANG_WARN_CONSTANT_CONVERSION = YES;
				CLANG_WARN_DIRECT_OBJC_ISA_USAGE = YES_ERROR;
				CLANG_WARN_EMPTY_BODY = YES;
				CLANG_WARN_ENUM_CONVERSION = YES;
				CLANG_WARN_INT_CONVERSION = YES;
				CLANG_WARN_OBJC_ROOT_CLASS = YES_ERROR;
				CLANG_WARN__DUPLICATE_METHOD_MATCH = YES;
				"CODE_SIGN_IDENTITY[sdk=iphoneos*]" = "iPhone Developer";
				COPY_PHASE_STRIP = YES;
				ENABLE_NS_ASSERTIONS = NO;
				GCC_C_LANGUAGE_STANDARD = gnu99;
				GCC_WARN_64_TO_32_BIT_CONVERSION = YES;
				GCC_WARN_ABOUT_RETURN_TYPE = YES_ERROR;
				GCC_WARN_UNDECLARED_SELECTOR = YES;
				GCC_WARN_UNINITIALIZED_AUTOS = YES;
				GCC_WARN_UNUSED_FUNCTION = YES;
				GCC_WARN_UNUSED_VARIABLE = YES;
				IPHONEOS_DEPLOYMENT_TARGET = 7.0;
				SDKROOT = iphoneos;
				TARGETED_DEVICE_FAMILY = "1,2";
				VALIDATE_PRODUCT = YES;
			};
			name = Release;
		};
		8ADD4B19189DA3AC00F1C54B /* Debug */ = {
			isa = XCBuildConfiguration;
			baseConfigurationReference = A6414AA82B044257923D8A23 /* Pods.xcconfig */;
			buildSettings = {
				ASSETCATALOG_COMPILER_APPICON_NAME = AppIcon;
				ASSETCATALOG_COMPILER_LAUNCHIMAGE_NAME = LaunchImage;
				CODE_SIGN_IDENTITY = "iPhone Developer";
				FRAMEWORK_SEARCH_PATHS = (
					"$(inherited)",
					/Users/kon2740/Dhana/GitHubProjects/PropertySales,
				);
				GCC_PRECOMPILE_PREFIX_HEADER = YES;
				GCC_PREFIX_HEADER = "PropertySales/PropertySales-Prefix.pch";
				INFOPLIST_FILE = "PropertySales/PropertySales-Info.plist";
				PRODUCT_NAME = "$(TARGET_NAME)";
				WRAPPER_EXTENSION = app;
			};
			name = Debug;
		};
		8ADD4B1A189DA3AC00F1C54B /* Release */ = {
			isa = XCBuildConfiguration;
			baseConfigurationReference = A6414AA82B044257923D8A23 /* Pods.xcconfig */;
			buildSettings = {
				ASSETCATALOG_COMPILER_APPICON_NAME = AppIcon;
				ASSETCATALOG_COMPILER_LAUNCHIMAGE_NAME = LaunchImage;
				CODE_SIGN_IDENTITY = "iPhone Developer";
				FRAMEWORK_SEARCH_PATHS = (
					"$(inherited)",
					/Users/kon2740/Dhana/GitHubProjects/PropertySales,
				);
				GCC_PRECOMPILE_PREFIX_HEADER = YES;
				GCC_PREFIX_HEADER = "PropertySales/PropertySales-Prefix.pch";
				INFOPLIST_FILE = "PropertySales/PropertySales-Info.plist";
				PRODUCT_NAME = "$(TARGET_NAME)";
				WRAPPER_EXTENSION = app;
			};
			name = Release;
		};
		8ADD4B1C189DA3AC00F1C54B /* Debug */ = {
			isa = XCBuildConfiguration;
			baseConfigurationReference = 37918D9DAC1A4C458C6C9B40 /* Pods-PropertySalesTests.xcconfig */;
			buildSettings = {
				ARCHS = "$(ARCHS_STANDARD_INCLUDING_64_BIT)";
				BUNDLE_LOADER = "$(BUILT_PRODUCTS_DIR)/PropertySales.app/PropertySales";
				FRAMEWORK_SEARCH_PATHS = (
					"$(SDKROOT)/Developer/Library/Frameworks",
					"$(inherited)",
					"$(DEVELOPER_FRAMEWORKS_DIR)",
				);
				GCC_PRECOMPILE_PREFIX_HEADER = YES;
				GCC_PREFIX_HEADER = "PropertySales/PropertySales-Prefix.pch";
				GCC_PREPROCESSOR_DEFINITIONS = (
					"DEBUG=1",
					"$(inherited)",
				);
				INFOPLIST_FILE = "PropertySalesTests/PropertySalesTests-Info.plist";
				PRODUCT_NAME = "$(TARGET_NAME)";
				TEST_HOST = "$(BUNDLE_LOADER)";
				WRAPPER_EXTENSION = xctest;
			};
			name = Debug;
		};
		8ADD4B1D189DA3AC00F1C54B /* Release */ = {
			isa = XCBuildConfiguration;
			baseConfigurationReference = 37918D9DAC1A4C458C6C9B40 /* Pods-PropertySalesTests.xcconfig */;
			buildSettings = {
				ARCHS = "$(ARCHS_STANDARD_INCLUDING_64_BIT)";
				BUNDLE_LOADER = "$(BUILT_PRODUCTS_DIR)/PropertySales.app/PropertySales";
				FRAMEWORK_SEARCH_PATHS = (
					"$(SDKROOT)/Developer/Library/Frameworks",
					"$(inherited)",
					"$(DEVELOPER_FRAMEWORKS_DIR)",
				);
				GCC_PRECOMPILE_PREFIX_HEADER = YES;
				GCC_PREFIX_HEADER = "PropertySales/PropertySales-Prefix.pch";
				INFOPLIST_FILE = "PropertySalesTests/PropertySalesTests-Info.plist";
				PRODUCT_NAME = "$(TARGET_NAME)";
				TEST_HOST = "$(BUNDLE_LOADER)";
				WRAPPER_EXTENSION = xctest;
			};
			name = Release;
		};
/* End XCBuildConfiguration section */

/* Begin XCConfigurationList section */
		8ADD4AE7189DA3AC00F1C54B /* Build configuration list for PBXProject "PropertySales" */ = {
			isa = XCConfigurationList;
			buildConfigurations = (
				8ADD4B16189DA3AC00F1C54B /* Debug */,
				8ADD4B17189DA3AC00F1C54B /* Release */,
			);
			defaultConfigurationIsVisible = 0;
			defaultConfigurationName = Release;
		};
		8ADD4B18189DA3AC00F1C54B /* Build configuration list for PBXNativeTarget "PropertySales" */ = {
			isa = XCConfigurationList;
			buildConfigurations = (
				8ADD4B19189DA3AC00F1C54B /* Debug */,
				8ADD4B1A189DA3AC00F1C54B /* Release */,
			);
			defaultConfigurationIsVisible = 0;
			defaultConfigurationName = Release;
		};
		8ADD4B1B189DA3AC00F1C54B /* Build configuration list for PBXNativeTarget "PropertySalesTests" */ = {
			isa = XCConfigurationList;
			buildConfigurations = (
				8ADD4B1C189DA3AC00F1C54B /* Debug */,
				8ADD4B1D189DA3AC00F1C54B /* Release */,
			);
			defaultConfigurationIsVisible = 0;
			defaultConfigurationName = Release;
		};
/* End XCConfigurationList section */

/* Begin XCVersionGroup section */
		8AA758C218A7304F006DFB84 /* PropertySales.xcdatamodeld */ = {
			isa = XCVersionGroup;
			children = (
				8AA758C318A7304F006DFB84 /* PropertySales.xcdatamodel */,
			);
			currentVersion = 8AA758C318A7304F006DFB84 /* PropertySales.xcdatamodel */;
			path = PropertySales.xcdatamodeld;
			sourceTree = "<group>";
			versionGroupType = wrapper.xcdatamodel;
		};
/* End XCVersionGroup section */
	};
	rootObject = 8ADD4AE4189DA3AC00F1C54B /* Project object */;
}
